{
  "nodes": {
    "moz_overlay": {
      "flake": false,
      "locked": {
        "lastModified": 1637337116,
        "narHash": "sha256-LKqAcdL+woWeYajs02bDQ7q8rsqgXuzhC354NoRaV80=",
        "owner": "mozilla",
        "repo": "nixpkgs-mozilla",
        "rev": "cbc7435f5b0b3d17b16fb1d20cf7b616eec5e093",
        "type": "github"
      },
      "original": {
        "owner": "mozilla",
        "repo": "nixpkgs-mozilla",
        "type": "github"
      }
    },
    "nixpkgs": {
      "locked": {
        "lastModified": 1636228094,
        "narHash": "sha256-CpOcIwHAn3yS0PeVmUICFrJ+gde2PiZp3XsnDP3LE9w=",
        "owner": "NixOS",
        "repo": "nixpkgs",
        "rev": "2606cb0fc24e65f489b7d9fdcbf219756e45db35",
        "type": "github"
      },
      "original": {
        "id": "nixpkgs",
        "ref": "nixpkgs-unstable",
        "type": "indirect"
      }
    },
    "root": {
      "inputs": {
        "moz_overlay": "moz_overlay",
        "nixpkgs": "nixpkgs"
      }
    }
  },
  "root": "root",
  "version": 7
}
